
Microsoft Visual Studio Solution File, Format Version 12.00
# Visual Studio 15
VisualStudioVersion = 15.0.26403.3
MinimumVisualStudioVersion = 10.0.40219.1
Project("{FAE04EC0-301F-11D3-BF4B-00C04F79EFBC}") = "SimpleSpellCheck", "SimpleSpellCheck\SimpleSpellCheck.csproj", "{5808428B-2892-4B75-A6C2-09093F81D6D7}"
EndProject
Project("{FAE04EC0-301F-11D3-BF4B-00C04F79EFBC}") = "SimpleSpellCheckTests", "TestSimpleSpellCheck\SimpleSpellCheckTests.csproj", "{A73051F2-16AB-4A32-8D92-F654A795EA13}"
EndProject
Global
	GlobalSection(SolutionConfigurationPlatforms) = preSolution
		Debug|Any CPU = Debug|Any CPU
		Release|Any CPU = Release|Any CPU
	EndGlobalSection
	GlobalSection(ProjectConfigurationPlatforms) = postSolution
		{5808428B-2892-4B75-A6C2-09093F81D6D7}.Debug|Any CPU.ActiveCfg = Debug|Any CPU
		{5808428B-2892-4B75-A6C2-09093F81D6D7}.Debug|Any CPU.Build.0 = Debug|Any CPU
		{5808428B-2892-4B75-A6C2-09093F81D6D7}.Release|Any CPU.ActiveCfg = Release|Any CPU
		{5808428B-2892-4B75-A6C2-09093F81D6D7}.Release|Any CPU.Build.0 = Release|Any CPU
		{A73051F2-16AB-4A32-8D92-F654A795EA13}.Debug|Any CPU.ActiveCfg = Debug|Any CPU
		{A73051F2-16AB-4A32-8D92-F654A795EA13}.Debug|Any CPU.Build.0 = Debug|Any CPU
		{A73051F2-16AB-4A32-8D92-F654A795EA13}.Release|Any CPU.ActiveCfg = Release|Any CPU
		{A73051F2-16AB-4A32-8D92-F654A795EA13}.Release|Any CPU.Build.0 = Release|Any CPU
	EndGlobalSection
	GlobalSection(SolutionProperties) = preSolution
		HideSolutionNode = FALSE
	EndGlobalSection
EndGlobal
